# This file is @generated by PDM.
# It is not intended for manual editing.

[metadata]
groups = ["default", "test"]
strategy = ["inherit_metadata"]
lock_version = "4.5.0"
content_hash = "sha256:8fc70f7d30eb1a594df01a371a509e8e17454d330283b4614a362e2e6bca01c2"

[[metadata.targets]]
requires_python = ">=3.11"
platform = "manylinux_2_35_x86_64"

[[package]]
name = "filelock"
version = "3.15.4"
requires_python = ">=3.8"
summary = "A platform independent file lock."
groups = ["default"]
files = [
    {file = "filelock-3.15.4-py3-none-any.whl", hash = "sha256:6ca1fffae96225dab4c6eaf1c4f4f28cd2568d3ec2a44e15a08520504de468e7"},
    {file = "filelock-3.15.4.tar.gz", hash = "sha256:2207938cbc1844345cb01a5a95524dae30f0ce089eba5b00378295a17e3e90cb"},
]

[[package]]
name = "fsspec"
version = "2024.6.1"
requires_python = ">=3.8"
summary = "File-system specification"
groups = ["default"]
files = [
    {file = "fsspec-2024.6.1-py3-none-any.whl", hash = "sha256:3cb443f8bcd2efb31295a5b9fdb02aee81d8452c80d28f97a6d0959e6cee101e"},
    {file = "fsspec-2024.6.1.tar.gz", hash = "sha256:fad7d7e209dd4c1208e3bbfda706620e0da5142bebbd9c384afb95b07e798e49"},
]

[[package]]
name = "jinja2"
version = "3.1.4"
requires_python = ">=3.7"
summary = "A very fast and expressive template engine."
groups = ["default"]
dependencies = [
    "MarkupSafe>=2.0",
]
files = [
    {file = "jinja2-3.1.4-py3-none-any.whl", hash = "sha256:bc5dd2abb727a5319567b7a813e6a2e7318c39f4f487cfe6c89c6f9c7d25197d"},
    {file = "jinja2-3.1.4.tar.gz", hash = "sha256:4a3aee7acbbe7303aede8e9648d13b8bf88a429282aa6122a993f0ac800cb369"},
]

[[package]]
name = "markupsafe"
version = "2.1.5"
requires_python = ">=3.7"
summary = "Safely add untrusted strings to HTML/XML markup."
groups = ["default"]
files = [
    {file = "MarkupSafe-2.1.5-cp311-cp311-manylinux_2_17_x86_64.manylinux2014_x86_64.whl", hash = "sha256:b91c037585eba9095565a3556f611e3cbfaa42ca1e865f7b8015fe5c7336d5a5"},
    {file = "MarkupSafe-2.1.5-cp312-cp312-manylinux_2_17_x86_64.manylinux2014_x86_64.whl", hash = "sha256:f5dfb42c4604dddc8e4305050aa6deb084540643ed5804d7455b5df8fe16f5e5"},
    {file = "MarkupSafe-2.1.5.tar.gz", hash = "sha256:d283d37a890ba4c1ae73ffadf8046435c76e7bc2247bbb63c00bd1a709c6544b"},
]

[[package]]
name = "mpmath"
version = "1.3.0"
summary = "Python library for arbitrary-precision floating-point arithmetic"
groups = ["default"]
files = [
    {file = "mpmath-1.3.0-py3-none-any.whl", hash = "sha256:a0b2b9fe80bbcd81a6647ff13108738cfb482d481d826cc0e02f5b35e5c88d2c"},
    {file = "mpmath-1.3.0.tar.gz", hash = "sha256:7a28eb2a9774d00c7bc92411c19a89209d5da7c4c9a9e227be8330a23a25b91f"},
]

[[package]]
name = "networkx"
version = "3.3"
requires_python = ">=3.10"
summary = "Python package for creating and manipulating graphs and networks"
groups = ["default"]
files = [
    {file = "networkx-3.3-py3-none-any.whl", hash = "sha256:28575580c6ebdaf4505b22c6256a2b9de86b316dc63ba9e93abde3d78dfdbcf2"},
    {file = "networkx-3.3.tar.gz", hash = "sha256:0c127d8b2f4865f59ae9cb8aafcd60b5c70f3241ebd66f7defad7c4ab90126c9"},
]

[[package]]
name = "numpy"
version = "2.1.0"
requires_python = ">=3.10"
summary = "Fundamental package for array computing in Python"
groups = ["test"]
files = [
    {file = "numpy-2.1.0-cp311-cp311-manylinux_2_17_x86_64.manylinux2014_x86_64.whl", hash = "sha256:f5ebbf9fbdabed208d4ecd2e1dfd2c0741af2f876e7ae522c2537d404ca895c3"},
    {file = "numpy-2.1.0-cp312-cp312-manylinux_2_17_x86_64.manylinux2014_x86_64.whl", hash = "sha256:24003ba8ff22ea29a8c306e61d316ac74111cebf942afbf692df65509a05f111"},
    {file = "numpy-2.1.0-cp313-cp313-manylinux_2_17_x86_64.manylinux2014_x86_64.whl", hash = "sha256:0ab32eb9170bf8ffcbb14f11613f4a0b108d3ffee0832457c5d4808233ba8977"},
    {file = "numpy-2.1.0-cp313-cp313t-manylinux_2_17_x86_64.manylinux2014_x86_64.whl", hash = "sha256:7a894c51fd8c4e834f00ac742abad73fc485df1062f1b875661a3c1e1fb1c2f6"},
    {file = "numpy-2.1.0.tar.gz", hash = "sha256:7dc90da0081f7e1da49ec4e398ede6a8e9cc4f5ebe5f9e06b443ed889ee9aaa2"},
]

[[package]]
name = "nvidia-cublas-cu12"
version = "12.1.3.1"
requires_python = ">=3"
summary = "CUBLAS native runtime libraries"
groups = ["default"]
marker = "platform_system == \"Linux\" and platform_machine == \"x86_64\""
files = [
    {file = "nvidia_cublas_cu12-12.1.3.1-py3-none-manylinux1_x86_64.whl", hash = "sha256:ee53ccca76a6fc08fb9701aa95b6ceb242cdaab118c3bb152af4e579af792728"},
]

[[package]]
name = "nvidia-cuda-cupti-cu12"
version = "12.1.105"
requires_python = ">=3"
summary = "CUDA profiling tools runtime libs."
groups = ["default"]
marker = "platform_system == \"Linux\" and platform_machine == \"x86_64\""
files = [
    {file = "nvidia_cuda_cupti_cu12-12.1.105-py3-none-manylinux1_x86_64.whl", hash = "sha256:e54fde3983165c624cb79254ae9818a456eb6e87a7fd4d56a2352c24ee542d7e"},
]

[[package]]
name = "nvidia-cuda-nvrtc-cu12"
version = "12.1.105"
requires_python = ">=3"
summary = "NVRTC native runtime libraries"
groups = ["default"]
marker = "platform_system == \"Linux\" and platform_machine == \"x86_64\""
files = [
    {file = "nvidia_cuda_nvrtc_cu12-12.1.105-py3-none-manylinux1_x86_64.whl", hash = "sha256:339b385f50c309763ca65456ec75e17bbefcbbf2893f462cb8b90584cd27a1c2"},
]

[[package]]
name = "nvidia-cuda-runtime-cu12"
version = "12.1.105"
requires_python = ">=3"
summary = "CUDA Runtime native Libraries"
groups = ["default"]
marker = "platform_system == \"Linux\" and platform_machine == \"x86_64\""
files = [
    {file = "nvidia_cuda_runtime_cu12-12.1.105-py3-none-manylinux1_x86_64.whl", hash = "sha256:6e258468ddf5796e25f1dc591a31029fa317d97a0a94ed93468fc86301d61e40"},
]

[[package]]
name = "nvidia-cudnn-cu12"
version = "8.9.2.26"
requires_python = ">=3"
summary = "cuDNN runtime libraries"
groups = ["default"]
marker = "platform_system == \"Linux\" and platform_machine == \"x86_64\""
dependencies = [
    "nvidia-cublas-cu12",
]
files = [
    {file = "nvidia_cudnn_cu12-8.9.2.26-py3-none-manylinux1_x86_64.whl", hash = "sha256:5ccb288774fdfb07a7e7025ffec286971c06d8d7b4fb162525334616d7629ff9"},
]

[[package]]
name = "nvidia-cufft-cu12"
version = "11.0.2.54"
requires_python = ">=3"
summary = "CUFFT native runtime libraries"
groups = ["default"]
marker = "platform_system == \"Linux\" and platform_machine == \"x86_64\""
files = [
    {file = "nvidia_cufft_cu12-11.0.2.54-py3-none-manylinux1_x86_64.whl", hash = "sha256:794e3948a1aa71fd817c3775866943936774d1c14e7628c74f6f7417224cdf56"},
]

[[package]]
name = "nvidia-curand-cu12"
version = "10.3.2.106"
requires_python = ">=3"
summary = "CURAND native runtime libraries"
groups = ["default"]
marker = "platform_system == \"Linux\" and platform_machine == \"x86_64\""
files = [
    {file = "nvidia_curand_cu12-10.3.2.106-py3-none-manylinux1_x86_64.whl", hash = "sha256:9d264c5036dde4e64f1de8c50ae753237c12e0b1348738169cd0f8a536c0e1e0"},
]

[[package]]
name = "nvidia-cusolver-cu12"
version = "11.4.5.107"
requires_python = ">=3"
summary = "CUDA solver native runtime libraries"
groups = ["default"]
marker = "platform_system == \"Linux\" and platform_machine == \"x86_64\""
dependencies = [
    "nvidia-cublas-cu12",
    "nvidia-cusparse-cu12",
    "nvidia-nvjitlink-cu12",
]
files = [
    {file = "nvidia_cusolver_cu12-11.4.5.107-py3-none-manylinux1_x86_64.whl", hash = "sha256:8a7ec542f0412294b15072fa7dab71d31334014a69f953004ea7a118206fe0dd"},
]

[[package]]
name = "nvidia-cusparse-cu12"
version = "12.1.0.106"
requires_python = ">=3"
summary = "CUSPARSE native runtime libraries"
groups = ["default"]
marker = "platform_system == \"Linux\" and platform_machine == \"x86_64\""
dependencies = [
    "nvidia-nvjitlink-cu12",
]
files = [
    {file = "nvidia_cusparse_cu12-12.1.0.106-py3-none-manylinux1_x86_64.whl", hash = "sha256:f3b50f42cf363f86ab21f720998517a659a48131e8d538dc02f8768237bd884c"},
]

[[package]]
name = "nvidia-nccl-cu12"
version = "2.20.5"
requires_python = ">=3"
summary = "NVIDIA Collective Communication Library (NCCL) Runtime"
groups = ["default"]
marker = "platform_system == \"Linux\" and platform_machine == \"x86_64\""
files = [
    {file = "nvidia_nccl_cu12-2.20.5-py3-none-manylinux2014_x86_64.whl", hash = "sha256:057f6bf9685f75215d0c53bf3ac4a10b3e6578351de307abad9e18a99182af56"},
]

[[package]]
name = "nvidia-nvjitlink-cu12"
version = "12.6.20"
requires_python = ">=3"
summary = "Nvidia JIT LTO Library"
groups = ["default"]
marker = "platform_system == \"Linux\" and platform_machine == \"x86_64\""
files = [
    {file = "nvidia_nvjitlink_cu12-12.6.20-py3-none-manylinux2014_x86_64.whl", hash = "sha256:562ab97ea2c23164823b2a89cb328d01d45cb99634b8c65fe7cd60d14562bd79"},
]

[[package]]
name = "nvidia-nvtx-cu12"
version = "12.1.105"
requires_python = ">=3"
summary = "NVIDIA Tools Extension"
groups = ["default"]
marker = "platform_system == \"Linux\" and platform_machine == \"x86_64\""
files = [
    {file = "nvidia_nvtx_cu12-12.1.105-py3-none-manylinux1_x86_64.whl", hash = "sha256:dc21cf308ca5691e7c04d962e213f8a4aa9bbfa23d95412f452254c2caeb09e5"},
]

[[package]]
name = "scipy"
version = "1.14.1"
requires_python = ">=3.10"
summary = "Fundamental algorithms for scientific computing in Python"
groups = ["test"]
dependencies = [
    "numpy<2.3,>=1.23.5",
]
files = [
    {file = "scipy-1.14.1-cp311-cp311-manylinux_2_17_x86_64.manylinux2014_x86_64.whl", hash = "sha256:fef8c87f8abfb884dac04e97824b61299880c43f4ce675dd2cbeadd3c9b466d2"},
    {file = "scipy-1.14.1-cp312-cp312-manylinux_2_17_x86_64.manylinux2014_x86_64.whl", hash = "sha256:8f9ea80f2e65bdaa0b7627fb00cbeb2daf163caa015e59b7516395fe3bd1e066"},
    {file = "scipy-1.14.1-cp313-cp313-manylinux_2_17_x86_64.manylinux2014_x86_64.whl", hash = "sha256:5149e3fd2d686e42144a093b206aef01932a0059c2a33ddfa67f5f035bdfe13e"},
    {file = "scipy-1.14.1.tar.gz", hash = "sha256:5a275584e726026a5699459aa72f828a610821006228e841b94275c4a7c08417"},
]

[[package]]
name = "sympy"
version = "1.13.2"
requires_python = ">=3.8"
summary = "Computer algebra system (CAS) in Python"
groups = ["default"]
dependencies = [
    "mpmath<1.4,>=1.1.0",
]
files = [
    {file = "sympy-1.13.2-py3-none-any.whl", hash = "sha256:c51d75517712f1aed280d4ce58506a4a88d635d6b5dd48b39102a7ae1f3fcfe9"},
    {file = "sympy-1.13.2.tar.gz", hash = "sha256:401449d84d07be9d0c7a46a64bd54fe097667d5e7181bfe67ec777be9e01cb13"},
]

[[package]]
name = "torch"
version = "2.3.0"
requires_python = ">=3.8.0"
summary = "Tensors and Dynamic neural networks in Python with strong GPU acceleration"
groups = ["default"]
dependencies = [
    "filelock",
    "fsspec",
    "jinja2",
    "mkl<=2021.4.0,>=2021.1.1; platform_system == \"Windows\"",
    "networkx",
    "nvidia-cublas-cu12==12.1.3.1; platform_system == \"Linux\" and platform_machine == \"x86_64\"",
    "nvidia-cuda-cupti-cu12==12.1.105; platform_system == \"Linux\" and platform_machine == \"x86_64\"",
    "nvidia-cuda-nvrtc-cu12==12.1.105; platform_system == \"Linux\" and platform_machine == \"x86_64\"",
    "nvidia-cuda-runtime-cu12==12.1.105; platform_system == \"Linux\" and platform_machine == \"x86_64\"",
    "nvidia-cudnn-cu12==8.9.2.26; platform_system == \"Linux\" and platform_machine == \"x86_64\"",
    "nvidia-cufft-cu12==11.0.2.54; platform_system == \"Linux\" and platform_machine == \"x86_64\"",
    "nvidia-curand-cu12==10.3.2.106; platform_system == \"Linux\" and platform_machine == \"x86_64\"",
    "nvidia-cusolver-cu12==11.4.5.107; platform_system == \"Linux\" and platform_machine == \"x86_64\"",
    "nvidia-cusparse-cu12==12.1.0.106; platform_system == \"Linux\" and platform_machine == \"x86_64\"",
    "nvidia-nccl-cu12==2.20.5; platform_system == \"Linux\" and platform_machine == \"x86_64\"",
    "nvidia-nvtx-cu12==12.1.105; platform_system == \"Linux\" and platform_machine == \"x86_64\"",
    "sympy",
    "triton==2.3.0; platform_system == \"Linux\" and platform_machine == \"x86_64\" and python_version < \"3.12\"",
    "typing-extensions>=4.8.0",
]
files = [
    {file = "torch-2.3.0-cp311-cp311-manylinux1_x86_64.whl", hash = "sha256:493d54ee2f9df100b5ce1d18c96dbb8d14908721f76351e908c9d2622773a788"},
    {file = "torch-2.3.0-cp312-cp312-manylinux1_x86_64.whl", hash = "sha256:b0de2bdc0486ea7b14fc47ff805172df44e421a7318b7c4d92ef589a75d27410"},
]

[[package]]
name = "torch-scatter"
version = "2.1.2"
requires_python = ">=3.8"
url = "https://data.pyg.org/whl/torch-2.3.0%2Bcu121/torch_scatter-2.1.2%2Bpt23cu121-cp311-cp311-linux_x86_64.whl"
summary = "PyTorch Extension Library of Optimized Scatter Operations"
groups = ["test"]
files = [
    {file = "torch_scatter-2.1.2+pt23cu121-cp311-cp311-linux_x86_64.whl", hash = "sha256:3d2b08965ce0a7832ca0b27130ff20052d1b7ea6bdb5037350bf8fd37df6d189"},
]

[[package]]
name = "torch-sparse"
version = "0.6.18"
requires_python = ">=3.8"
url = "https://data.pyg.org/whl/torch-2.3.0%2Bcu121/torch_sparse-0.6.18%2Bpt23cu121-cp311-cp311-linux_x86_64.whl"
summary = "PyTorch Extension Library of Optimized Autograd Sparse Matrix Operations"
groups = ["test"]
dependencies = [
    "scipy",
]
files = [
    {file = "torch_sparse-0.6.18+pt23cu121-cp311-cp311-linux_x86_64.whl", hash = "sha256:5da47e37e9460356c64d0be24e8576d47b4742bf939a93243ed8b43e92a28026"},
]

[[package]]
name = "triton"
version = "2.3.0"
summary = "A language and compiler for custom Deep Learning operations"
groups = ["default"]
marker = "platform_system == \"Linux\" and platform_machine == \"x86_64\" and python_version < \"3.12\""
dependencies = [
    "filelock",
]
files = [
    {file = "triton-2.3.0-cp311-cp311-manylinux_2_17_x86_64.manylinux2014_x86_64.whl", hash = "sha256:3c3d9607f85103afdb279938fc1dd2a66e4f5999a58eb48a346bd42738f986dd"},
    {file = "triton-2.3.0-cp312-cp312-manylinux_2_17_x86_64.manylinux2014_x86_64.whl", hash = "sha256:218d742e67480d9581bafb73ed598416cc8a56f6316152e5562ee65e33de01c0"},
]

[[package]]
name = "typing-extensions"
version = "4.12.2"
requires_python = ">=3.8"
summary = "Backported and Experimental Type Hints for Python 3.8+"
groups = ["default"]
files = [
    {file = "typing_extensions-4.12.2-py3-none-any.whl", hash = "sha256:04e5ca0351e0f3f85c6853954072df659d0d13fac324d0072316b67d7794700d"},
    {file = "typing_extensions-4.12.2.tar.gz", hash = "sha256:1a7ead55c7e559dd4dee8856e3a88b41225abfe1ce8df57b7c13915fe121ffb8"},
]
